
Microsoft Visual Studio Solution File, Format Version 12.00
# Visual Studio 15
VisualStudioVersion = 15.0.26430.16
MinimumVisualStudioVersion = 10.0.40219.1
Project("{FAE04EC0-301F-11D3-BF4B-00C04F79EFBC}") = "SimpleClipboardManager", "SimpleClipboardManager\SimpleClipboardManager.csproj", "{786EAE12-626D-4190-BBB0-41F26BFDFB22}"
EndProject
Project("{262852C6-CD72-467D-83FE-5EEB1973A190}") = "SimpleClipboardManager.Package", "SimpleClipboardManager.Package\SimpleClipboardManager.Package.jsproj", "{030F12E5-E6C6-4517-B2EC-B79C3B5F4309}"
EndProject
Global
	GlobalSection(SolutionConfigurationPlatforms) = preSolution
		Debug|Android = Debug|Android
		Debug|Any CPU = Debug|Any CPU
		Debug|ARM = Debug|ARM
		Debug|iOS = Debug|iOS
		Debug|Windows-ARM = Debug|Windows-ARM
		Debug|Windows-x64 = Debug|Windows-x64
		Debug|Windows-x86 = Debug|Windows-x86
		Debug|x64 = Debug|x64
		Debug|x86 = Debug|x86
		Release|Android = Release|Android
		Release|Any CPU = Release|Any CPU
		Release|ARM = Release|ARM
		Release|iOS = Release|iOS
		Release|Windows-ARM = Release|Windows-ARM
		Release|Windows-x64 = Release|Windows-x64
		Release|Windows-x86 = Release|Windows-x86
		Release|x64 = Release|x64
		Release|x86 = Release|x86
	EndGlobalSection
	GlobalSection(ProjectConfigurationPlatforms) = postSolution
		{786EAE12-626D-4190-BBB0-41F26BFDFB22}.Debug|Android.ActiveCfg = Debug|Any CPU
		{786EAE12-626D-4190-BBB0-41F26BFDFB22}.Debug|Android.Build.0 = Debug|Any CPU
		{786EAE12-626D-4190-BBB0-41F26BFDFB22}.Debug|Any CPU.ActiveCfg = Debug|Any CPU
		{786EAE12-626D-4190-BBB0-41F26BFDFB22}.Debug|Any CPU.Build.0 = Debug|Any CPU
		{786EAE12-626D-4190-BBB0-41F26BFDFB22}.Debug|ARM.ActiveCfg = Debug|Any CPU
		{786EAE12-626D-4190-BBB0-41F26BFDFB22}.Debug|ARM.Build.0 = Debug|Any CPU
		{786EAE12-626D-4190-BBB0-41F26BFDFB22}.Debug|iOS.ActiveCfg = Debug|Any CPU
		{786EAE12-626D-4190-BBB0-41F26BFDFB22}.Debug|iOS.Build.0 = Debug|Any CPU
		{786EAE12-626D-4190-BBB0-41F26BFDFB22}.Debug|Windows-ARM.ActiveCfg = Debug|Any CPU
		{786EAE12-626D-4190-BBB0-41F26BFDFB22}.Debug|Windows-ARM.Build.0 = Debug|Any CPU
		{786EAE12-626D-4190-BBB0-41F26BFDFB22}.Debug|Windows-x64.ActiveCfg = Debug|Any CPU
		{786EAE12-626D-4190-BBB0-41F26BFDFB22}.Debug|Windows-x64.Build.0 = Debug|Any CPU
		{786EAE12-626D-4190-BBB0-41F26BFDFB22}.Debug|Windows-x86.ActiveCfg = Debug|Any CPU
		{786EAE12-626D-4190-BBB0-41F26BFDFB22}.Debug|Windows-x86.Build.0 = Debug|Any CPU
		{786EAE12-626D-4190-BBB0-41F26BFDFB22}.Debug|x64.ActiveCfg = Debug|Any CPU
		{786EAE12-626D-4190-BBB0-41F26BFDFB22}.Debug|x64.Build.0 = Debug|Any CPU
		{786EAE12-626D-4190-BBB0-41F26BFDFB22}.Debug|x86.ActiveCfg = Debug|Any CPU
		{786EAE12-626D-4190-BBB0-41F26BFDFB22}.Debug|x86.Build.0 = Debug|Any CPU
		{786EAE12-626D-4190-BBB0-41F26BFDFB22}.Release|Android.ActiveCfg = Release|Any CPU
		{786EAE12-626D-4190-BBB0-41F26BFDFB22}.Release|Android.Build.0 = Release|Any CPU
		{786EAE12-626D-4190-BBB0-41F26BFDFB22}.Release|Any CPU.ActiveCfg = Release|Any CPU
		{786EAE12-626D-4190-BBB0-41F26BFDFB22}.Release|Any CPU.Build.0 = Release|Any CPU
		{786EAE12-626D-4190-BBB0-41F26BFDFB22}.Release|ARM.ActiveCfg = Release|Any CPU
		{786EAE12-626D-4190-BBB0-41F26BFDFB22}.Release|ARM.Build.0 = Release|Any CPU
		{786EAE12-626D-4190-BBB0-41F26BFDFB22}.Release|iOS.ActiveCfg = Release|Any CPU
		{786EAE12-626D-4190-BBB0-41F26BFDFB22}.Release|iOS.Build.0 = Release|Any CPU
		{786EAE12-626D-4190-BBB0-41F26BFDFB22}.Release|Windows-ARM.ActiveCfg = Release|Any CPU
		{786EAE12-626D-4190-BBB0-41F26BFDFB22}.Release|Windows-ARM.Build.0 = Release|Any CPU
		{786EAE12-626D-4190-BBB0-41F26BFDFB22}.Release|Windows-x64.ActiveCfg = Release|Any CPU
		{786EAE12-626D-4190-BBB0-41F26BFDFB22}.Release|Windows-x64.Build.0 = Release|Any CPU
		{786EAE12-626D-4190-BBB0-41F26BFDFB22}.Release|Windows-x86.ActiveCfg = Release|Any CPU
		{786EAE12-626D-4190-BBB0-41F26BFDFB22}.Release|Windows-x86.Build.0 = Release|Any CPU
		{786EAE12-626D-4190-BBB0-41F26BFDFB22}.Release|x64.ActiveCfg = Release|Any CPU
		{786EAE12-626D-4190-BBB0-41F26BFDFB22}.Release|x64.Build.0 = Release|Any CPU
		{786EAE12-626D-4190-BBB0-41F26BFDFB22}.Release|x86.ActiveCfg = Release|Any CPU
		{786EAE12-626D-4190-BBB0-41F26BFDFB22}.Release|x86.Build.0 = Release|Any CPU
		{030F12E5-E6C6-4517-B2EC-B79C3B5F4309}.Debug|Android.ActiveCfg = Debug|Any CPU
		{030F12E5-E6C6-4517-B2EC-B79C3B5F4309}.Debug|Android.Build.0 = Debug|Any CPU
		{030F12E5-E6C6-4517-B2EC-B79C3B5F4309}.Debug|Android.Deploy.0 = Debug|Any CPU
		{030F12E5-E6C6-4517-B2EC-B79C3B5F4309}.Debug|Any CPU.ActiveCfg = Debug|Any CPU
		{030F12E5-E6C6-4517-B2EC-B79C3B5F4309}.Debug|Any CPU.Build.0 = Debug|Any CPU
		{030F12E5-E6C6-4517-B2EC-B79C3B5F4309}.Debug|Any CPU.Deploy.0 = Debug|Any CPU
		{030F12E5-E6C6-4517-B2EC-B79C3B5F4309}.Debug|ARM.ActiveCfg = Debug|ARM
		{030F12E5-E6C6-4517-B2EC-B79C3B5F4309}.Debug|ARM.Build.0 = Debug|ARM
		{030F12E5-E6C6-4517-B2EC-B79C3B5F4309}.Debug|ARM.Deploy.0 = Debug|ARM
		{030F12E5-E6C6-4517-B2EC-B79C3B5F4309}.Debug|iOS.ActiveCfg = Debug|Any CPU
		{030F12E5-E6C6-4517-B2EC-B79C3B5F4309}.Debug|iOS.Build.0 = Debug|Any CPU
		{030F12E5-E6C6-4517-B2EC-B79C3B5F4309}.Debug|iOS.Deploy.0 = Debug|Any CPU
		{030F12E5-E6C6-4517-B2EC-B79C3B5F4309}.Debug|Windows-ARM.ActiveCfg = Debug|Any CPU
		{030F12E5-E6C6-4517-B2EC-B79C3B5F4309}.Debug|Windows-ARM.Build.0 = Debug|Any CPU
		{030F12E5-E6C6-4517-B2EC-B79C3B5F4309}.Debug|Windows-ARM.Deploy.0 = Debug|Any CPU
		{030F12E5-E6C6-4517-B2EC-B79C3B5F4309}.Debug|Windows-x64.ActiveCfg = Debug|Any CPU
		{030F12E5-E6C6-4517-B2EC-B79C3B5F4309}.Debug|Windows-x64.Build.0 = Debug|Any CPU
		{030F12E5-E6C6-4517-B2EC-B79C3B5F4309}.Debug|Windows-x64.Deploy.0 = Debug|Any CPU
		{030F12E5-E6C6-4517-B2EC-B79C3B5F4309}.Debug|Windows-x86.ActiveCfg = Debug|Any CPU
		{030F12E5-E6C6-4517-B2EC-B79C3B5F4309}.Debug|Windows-x86.Build.0 = Debug|Any CPU
		{030F12E5-E6C6-4517-B2EC-B79C3B5F4309}.Debug|Windows-x86.Deploy.0 = Debug|Any CPU
		{030F12E5-E6C6-4517-B2EC-B79C3B5F4309}.Debug|x64.ActiveCfg = Debug|x64
		{030F12E5-E6C6-4517-B2EC-B79C3B5F4309}.Debug|x64.Build.0 = Debug|x64
		{030F12E5-E6C6-4517-B2EC-B79C3B5F4309}.Debug|x64.Deploy.0 = Debug|x64
		{030F12E5-E6C6-4517-B2EC-B79C3B5F4309}.Debug|x86.ActiveCfg = Debug|x86
		{030F12E5-E6C6-4517-B2EC-B79C3B5F4309}.Debug|x86.Build.0 = Debug|x86
		{030F12E5-E6C6-4517-B2EC-B79C3B5F4309}.Debug|x86.Deploy.0 = Debug|x86
		{030F12E5-E6C6-4517-B2EC-B79C3B5F4309}.Release|Android.ActiveCfg = Release|Any CPU
		{030F12E5-E6C6-4517-B2EC-B79C3B5F4309}.Release|Android.Build.0 = Release|Any CPU
		{030F12E5-E6C6-4517-B2EC-B79C3B5F4309}.Release|Android.Deploy.0 = Release|Any CPU
		{030F12E5-E6C6-4517-B2EC-B79C3B5F4309}.Release|Any CPU.ActiveCfg = Release|Any CPU
		{030F12E5-E6C6-4517-B2EC-B79C3B5F4309}.Release|Any CPU.Build.0 = Release|Any CPU
		{030F12E5-E6C6-4517-B2EC-B79C3B5F4309}.Release|Any CPU.Deploy.0 = Release|Any CPU
		{030F12E5-E6C6-4517-B2EC-B79C3B5F4309}.Release|ARM.ActiveCfg = Release|ARM
		{030F12E5-E6C6-4517-B2EC-B79C3B5F4309}.Release|ARM.Build.0 = Release|ARM
		{030F12E5-E6C6-4517-B2EC-B79C3B5F4309}.Release|ARM.Deploy.0 = Release|ARM
		{030F12E5-E6C6-4517-B2EC-B79C3B5F4309}.Release|iOS.ActiveCfg = Release|Any CPU
		{030F12E5-E6C6-4517-B2EC-B79C3B5F4309}.Release|iOS.Build.0 = Release|Any CPU
		{030F12E5-E6C6-4517-B2EC-B79C3B5F4309}.Release|iOS.Deploy.0 = Release|Any CPU
		{030F12E5-E6C6-4517-B2EC-B79C3B5F4309}.Release|Windows-ARM.ActiveCfg = Release|Any CPU
		{030F12E5-E6C6-4517-B2EC-B79C3B5F4309}.Release|Windows-ARM.Build.0 = Release|Any CPU
		{030F12E5-E6C6-4517-B2EC-B79C3B5F4309}.Release|Windows-ARM.Deploy.0 = Release|Any CPU
		{030F12E5-E6C6-4517-B2EC-B79C3B5F4309}.Release|Windows-x64.ActiveCfg = Release|Any CPU
		{030F12E5-E6C6-4517-B2EC-B79C3B5F4309}.Release|Windows-x64.Build.0 = Release|Any CPU
		{030F12E5-E6C6-4517-B2EC-B79C3B5F4309}.Release|Windows-x64.Deploy.0 = Release|Any CPU
		{030F12E5-E6C6-4517-B2EC-B79C3B5F4309}.Release|Windows-x86.ActiveCfg = Release|Any CPU
		{030F12E5-E6C6-4517-B2EC-B79C3B5F4309}.Release|Windows-x86.Build.0 = Release|Any CPU
		{030F12E5-E6C6-4517-B2EC-B79C3B5F4309}.Release|Windows-x86.Deploy.0 = Release|Any CPU
		{030F12E5-E6C6-4517-B2EC-B79C3B5F4309}.Release|x64.ActiveCfg = Release|x64
		{030F12E5-E6C6-4517-B2EC-B79C3B5F4309}.Release|x64.Build.0 = Release|x64
		{030F12E5-E6C6-4517-B2EC-B79C3B5F4309}.Release|x64.Deploy.0 = Release|x64
		{030F12E5-E6C6-4517-B2EC-B79C3B5F4309}.Release|x86.ActiveCfg = Release|x86
		{030F12E5-E6C6-4517-B2EC-B79C3B5F4309}.Release|x86.Build.0 = Release|x86
		{030F12E5-E6C6-4517-B2EC-B79C3B5F4309}.Release|x86.Deploy.0 = Release|x86
	EndGlobalSection
	GlobalSection(SolutionProperties) = preSolution
		HideSolutionNode = FALSE
	EndGlobalSection
EndGlobal
